<Solution>
  <Folder Name="/docs/">
    <File Path="docs/PROJECT_PLAN.md" />
    <File Path="docs/RUSSIAN_PROJECT_RESEARCH.md" />
    <File Path="docs/TICKETS.md" />
  </Folder>
  <Folder Name="/items/">
    <File Path=".editorconfig" />
    <File Path=".gitignore" />
    <File Path="CLAUDE.md" />
    <File Path="Directory.Build.props" />
    <File Path="Directory.Packages.props" />
    <File Path="export.bat" />
    <File Path="lotro.bat" />
    <File Path="LotroKoniecDev.sln.DotSettings.user" />
    <File Path="patch.bat" />
    <File Path="README.md" />
  </Folder>
  <Folder Name="/src/">
    <Project Path="src/LotroKoniecDev.Primitives/LotroKoniecDev.Primitives.csproj" />
    <Project Path="src/LotroKoniecDev.Domain/LotroKoniecDev.Domain.csproj" />
    <Project Path="src/LotroKoniecDev.Application/LotroKoniecDev.Application.csproj" />
    <Project Path="src/LotroKoniecDev.Infrastructure/LotroKoniecDev.Infrastructure.csproj" />
    <Project Path="src/LotroKoniecDev.Cli/LotroKoniecDev.Cli.csproj" />
  </Folder>
  <Folder Name="/tests/">
    <File Path="tests/README.md" />
    <Project Path="tests/LotroKoniecDev.Tests.E2E/LotroKoniecDev.Tests.E2E.csproj" />
    <Project Path="tests/LotroKoniecDev.Tests.Infrastructure/LotroKoniecDev.Tests.Infrastructure.csproj" />
    <Project Path="tests/LotroKoniecDev.Tests.Unit/LotroKoniecDev.Tests.Unit.csproj" />
  </Folder>
</Solution>
